
Microsoft Visual Studio Solution File, Format Version 12.00
# Visual Studio Version 17
VisualStudioVersion = 17.2.32616.157
MinimumVisualStudioVersion = 10.0.40219.1
Project("{9A19103F-16F7-4668-BE54-9A1E7A4F7556}") = "MyCVinCSharpConsoleAppLibrary", "MyCVinCSharpConsoleAppLibrary\MyCVinCSharpConsoleAppLibrary.csproj", "{6FBE54CF-C02A-41C4-B62B-0E9353D757F7}"
EndProject
Project("{FAE04EC0-301F-11D3-BF4B-00C04F79EFBC}") = "CvApp", "CvApp\CvApp.csproj", "{7523BEF4-E474-4131-A9E1-E7A91B31314B}"
EndProject
Global
	GlobalSection(SolutionConfigurationPlatforms) = preSolution
		Debug|Any CPU = Debug|Any CPU
		Release|Any CPU = Release|Any CPU
	EndGlobalSection
	GlobalSection(ProjectConfigurationPlatforms) = postSolution
		{6FBE54CF-C02A-41C4-B62B-0E9353D757F7}.Debug|Any CPU.ActiveCfg = Debug|Any CPU
		{6FBE54CF-C02A-41C4-B62B-0E9353D757F7}.Debug|Any CPU.Build.0 = Debug|Any CPU
		{6FBE54CF-C02A-41C4-B62B-0E9353D757F7}.Release|Any CPU.ActiveCfg = Release|Any CPU
		{6FBE54CF-C02A-41C4-B62B-0E9353D757F7}.Release|Any CPU.Build.0 = Release|Any CPU
		{7523BEF4-E474-4131-A9E1-E7A91B31314B}.Debug|Any CPU.ActiveCfg = Debug|Any CPU
		{7523BEF4-E474-4131-A9E1-E7A91B31314B}.Debug|Any CPU.Build.0 = Debug|Any CPU
		{7523BEF4-E474-4131-A9E1-E7A91B31314B}.Release|Any CPU.ActiveCfg = Release|Any CPU
		{7523BEF4-E474-4131-A9E1-E7A91B31314B}.Release|Any CPU.Build.0 = Release|Any CPU
	EndGlobalSection
	GlobalSection(SolutionProperties) = preSolution
		HideSolutionNode = FALSE
	EndGlobalSection
	GlobalSection(ExtensibilityGlobals) = postSolution
		SolutionGuid = {8960E31A-E016-440F-80FA-B9D51E6A744E}
	EndGlobalSection
EndGlobal
